
Microsoft Visual Studio Solution File, Format Version 12.00
# Visual Studio Version 16
VisualStudioVersion = 16.0.29503.13
MinimumVisualStudioVersion = 10.0.40219.1
Project("{FAE04EC0-301F-11D3-BF4B-00C04F79EFBC}") = "BpArcadeRobot.Infrastructure", "BpArcadeRobot.Infrastructure\BpArcadeRobot.Infrastructure.csproj", "{316BA8BF-B106-47E6-942F-C8B44D7CBFEA}"
EndProject
Project("{9A19103F-16F7-4668-BE54-9A1E7A4F7556}") = "BpArcadeRobot.EntryPoint", "BpArcadeRobot.EntryPoint\BpArcadeRobot.EntryPoint.csproj", "{A6F7FF37-DAE4-41AC-B1CA-8D84DA2A54E8}"
EndProject
Project("{FAE04EC0-301F-11D3-BF4B-00C04F79EFBC}") = "BpArcadeRobot", "BpArcadeRobot\BpArcadeRobot.csproj", "{72D9EF80-EB6E-4580-8F79-C8B988C159A2}"
EndProject
Global
	GlobalSection(SolutionConfigurationPlatforms) = preSolution
		Debug|Any CPU = Debug|Any CPU
		Release|Any CPU = Release|Any CPU
	EndGlobalSection
	GlobalSection(ProjectConfigurationPlatforms) = postSolution
		{316BA8BF-B106-47E6-942F-C8B44D7CBFEA}.Debug|Any CPU.ActiveCfg = Debug|Any CPU
		{316BA8BF-B106-47E6-942F-C8B44D7CBFEA}.Debug|Any CPU.Build.0 = Debug|Any CPU
		{316BA8BF-B106-47E6-942F-C8B44D7CBFEA}.Release|Any CPU.ActiveCfg = Release|Any CPU
		{316BA8BF-B106-47E6-942F-C8B44D7CBFEA}.Release|Any CPU.Build.0 = Release|Any CPU
		{A6F7FF37-DAE4-41AC-B1CA-8D84DA2A54E8}.Debug|Any CPU.ActiveCfg = Debug|Any CPU
		{A6F7FF37-DAE4-41AC-B1CA-8D84DA2A54E8}.Debug|Any CPU.Build.0 = Debug|Any CPU
		{A6F7FF37-DAE4-41AC-B1CA-8D84DA2A54E8}.Release|Any CPU.ActiveCfg = Release|Any CPU
		{A6F7FF37-DAE4-41AC-B1CA-8D84DA2A54E8}.Release|Any CPU.Build.0 = Release|Any CPU
		{72D9EF80-EB6E-4580-8F79-C8B988C159A2}.Debug|Any CPU.ActiveCfg = Debug|Any CPU
		{72D9EF80-EB6E-4580-8F79-C8B988C159A2}.Debug|Any CPU.Build.0 = Debug|Any CPU
		{72D9EF80-EB6E-4580-8F79-C8B988C159A2}.Release|Any CPU.ActiveCfg = Release|Any CPU
		{72D9EF80-EB6E-4580-8F79-C8B988C159A2}.Release|Any CPU.Build.0 = Release|Any CPU
	EndGlobalSection
	GlobalSection(SolutionProperties) = preSolution
		HideSolutionNode = FALSE
	EndGlobalSection
	GlobalSection(ExtensibilityGlobals) = postSolution
		SolutionGuid = {361C384A-7AAD-4D7A-A66E-8296D2F4C944}
	EndGlobalSection
EndGlobal
